
Microsoft Visual Studio Solution File, Format Version 12.00
# Visual Studio Version 16
VisualStudioVersion = 16.0.31702.278
MinimumVisualStudioVersion = 10.0.40219.1
Project("{8BC9CEB8-8B4A-11D0-8D11-00A0C91BC942}") = "Lab 20", "Lab 20.vcxproj", "{D8529387-8C63-4724-8669-643CA695CC17}"
EndProject
Global
	GlobalSection(SolutionConfigurationPlatforms) = preSolution
		Debug|x64 = Debug|x64
		Debug|x86 = Debug|x86
		Release|x64 = Release|x64
		Release|x86 = Release|x86
	EndGlobalSection
	GlobalSection(ProjectConfigurationPlatforms) = postSolution
		{D8529387-8C63-4724-8669-643CA695CC17}.Debug|x64.ActiveCfg = Debug|x64
		{D8529387-8C63-4724-8669-643CA695CC17}.Debug|x64.Build.0 = Debug|x64
		{D8529387-8C63-4724-8669-643CA695CC17}.Debug|x86.ActiveCfg = Debug|Win32
		{D8529387-8C63-4724-8669-643CA695CC17}.Debug|x86.Build.0 = Debug|Win32
		{D8529387-8C63-4724-8669-643CA695CC17}.Release|x64.ActiveCfg = Release|x64
		{D8529387-8C63-4724-8669-643CA695CC17}.Release|x64.Build.0 = Release|x64
		{D8529387-8C63-4724-8669-643CA695CC17}.Release|x86.ActiveCfg = Release|Win32
		{D8529387-8C63-4724-8669-643CA695CC17}.Release|x86.Build.0 = Release|Win32
	EndGlobalSection
	GlobalSection(SolutionProperties) = preSolution
		HideSolutionNode = FALSE
	EndGlobalSection
	GlobalSection(ExtensibilityGlobals) = postSolution
		SolutionGuid = {CFEE29EC-67D8-4D62-8038-796EE6FE0FED}
	EndGlobalSection
EndGlobal
